<Solution>
  <Folder Name="/src/">
    <Project Path="src/Orpheus.Core/Orpheus.Core.csproj" />
    <Project Path="src/Orpheus.Desktop/Orpheus.Desktop.csproj" />
    <Project Path="src/Orpheus.Android/Orpheus.Android.csproj" />
    <Project Path="src/Orpheus.iOS/Orpheus.iOS.csproj" />
  </Folder>
  <Folder Name="/tests/">
    <Project Path="tests/Orpheus.Core.Tests/Orpheus.Core.Tests.csproj" />
  </Folder>
</Solution>
